// !$*UTF8*$!
{
	archiveVersion = 1;
	classes = {
	};
	objectVersion = 55;
	objects = {

/* Begin PBXBuildFile section */
		47C4AEF528ECB9C4002BB66F /* AppDelegate.swift in Sources */ = {isa = PBXBuildFile; fileRef = 47C4AEF428ECB9C4002BB66F /* AppDelegate.swift */; };
		47C4AEF728ECB9C4002BB66F /* SceneDelegate.swift in Sources */ = {isa = PBXBuildFile; fileRef = 47C4AEF628ECB9C4002BB66F /* SceneDelegate.swift */; };
		47C4AEFC28ECB9C4002BB66F /* Main.storyboard in Resources */ = {isa = PBXBuildFile; fileRef = 47C4AEFA28ECB9C4002BB66F /* Main.storyboard */; };
		47C4AEFE28ECB9C5002BB66F /* Assets.xcassets in Resources */ = {isa = PBXBuildFile; fileRef = 47C4AEFD28ECB9C5002BB66F /* Assets.xcassets */; };
		47C4AF0128ECB9C5002BB66F /* LaunchScreen.storyboard in Resources */ = {isa = PBXBuildFile; fileRef = 47C4AEFF28ECB9C5002BB66F /* LaunchScreen.storyboard */; };
		47C4AF0A28ECBD02002BB66F /* fibonacci.swift in Sources */ = {isa = PBXBuildFile; fileRef = 47C4AF0928ECBD02002BB66F /* fibonacci.swift */; };
		47C4AF0C28ECBD17002BB66F /* fatorial.swift in Sources */ = {isa = PBXBuildFile; fileRef = 47C4AF0B28ECBD17002BB66F /* fatorial.swift */; };
/* End PBXBuildFile section */

/* Begin PBXFileReference section */
		47C4AEF128ECB9C4002BB66F /* fatorialFibonacci.app */ = {isa = PBXFileReference; explicitFileType = wrapper.application; includeInIndex = 0; path = fatorialFibonacci.app; sourceTree = BUILT_PRODUCTS_DIR; };
		47C4AEF428ECB9C4002BB66F /* AppDelegate.swift */ = {isa = PBXFileReference; lastKnownFileType = sourcecode.swift; path = AppDelegate.swift; sourceTree = "<group>"; };
		47C4AEF628ECB9C4002BB66F /* SceneDelegate.swift */ = {isa = PBXFileReference; lastKnownFileType = sourcecode.swift; path = SceneDelegate.swift; sourceTree = "<group>"; };
		47C4AEFB28ECB9C4002BB66F /* Base */ = {isa = PBXFileReference; lastKnownFileType = file.storyboard; name = Base; path = Base.lproj/Main.storyboard; sourceTree = "<group>"; };
		47C4AEFD28ECB9C5002BB66F /* Assets.xcassets */ = {isa = PBXFileReference; lastKnownFileType = folder.assetcatalog; path = Assets.xcassets; sourceTree = "<group>"; };
		47C4AF0028ECB9C5002BB66F /* Base */ = {isa = PBXFileReference; lastKnownFileType = file.storyboard; name = Base; path = Base.lproj/LaunchScreen.storyboard; sourceTree = "<group>"; };
		47C4AF0228ECB9C5002BB66F /* Info.plist */ = {isa = PBXFileReference; lastKnownFileType = text.plist.xml; path = Info.plist; sourceTree = "<group>"; };
		47C4AF0928ECBD02002BB66F /* fibonacci.swift */ = {isa = PBXFileReference; lastKnownFileType = sourcecode.swift; path = fibonacci.swift; sourceTree = "<group>"; };
		47C4AF0B28ECBD17002BB66F /* fatorial.swift */ = {isa = PBXFileReference; lastKnownFileType = sourcecode.swift; path = fatorial.swift; sourceTree = "<group>"; };
/* End PBXFileReference section */

/* Begin PBXFrameworksBuildPhase section */
		47C4AEEE28ECB9C4002BB66F /* Frameworks */ = {
			isa = PBXFrameworksBuildPhase;
			buildActionMask = 2147483647;
			files = (
			);
			runOnlyForDeploymentPostprocessing = 0;
		};
/* End PBXFrameworksBuildPhase section */

/* Begin PBXGroup section */
		47C4AEE828ECB9C4002BB66F = {
			isa = PBXGroup;
			children = (
				47C4AEF328ECB9C4002BB66F /* fatorialFibonacci */,
				47C4AEF228ECB9C4002BB66F /* Products */,
			);
			sourceTree = "<group>";
		};
		47C4AEF228ECB9C4002BB66F /* Products */ = {
			isa = PBXGroup;
			children = (
				47C4AEF128ECB9C4002BB66F /* fatorialFibonacci.app */,
			);
			name = Products;
			sourceTree = "<group>";
		};
		47C4AEF328ECB9C4002BB66F /* fatorialFibonacci */ = {
			isa = PBXGroup;
			children = (
				47C4AEF428ECB9C4002BB66F /* AppDelegate.swift */,
				47C4AEF628ECB9C4002BB66F /* SceneDelegate.swift */,
				47C4AEFA28ECB9C4002BB66F /* Main.storyboard */,
				47C4AEFD28ECB9C5002BB66F /* Assets.xcassets */,
				47C4AEFF28ECB9C5002BB66F /* LaunchScreen.storyboard */,
				47C4AF0228ECB9C5002BB66F /* Info.plist */,
				47C4AF0928ECBD02002BB66F /* fibonacci.swift */,
				47C4AF0B28ECBD17002BB66F /* fatorial.swift */,
			);
			path = fatorialFibonacci;
			sourceTree = "<group>";
		};
/* End PBXGroup section */

/* Begin PBXNativeTarget section */
		47C4AEF028ECB9C4002BB66F /* fatorialFibonacci */ = {
			isa = PBXNativeTarget;
			buildConfigurationList = 47C4AF0528ECB9C5002BB66F /* Build configuration list for PBXNativeTarget "fatorialFibonacci" */;
			buildPhases = (
				47C4AEED28ECB9C4002BB66F /* Sources */,
				47C4AEEE28ECB9C4002BB66F /* Frameworks */,
				47C4AEEF28ECB9C4002BB66F /* Resources */,
			);
			buildRules = (
			);
			dependencies = (
			);
			name = fatorialFibonacci;
			productName = fatorialFibonacci;
			productReference = 47C4AEF128ECB9C4002BB66F /* fatorialFibonacci.app */;
			productType = "com.apple.product-type.application";
		};
/* End PBXNativeTarget section */

/* Begin PBXProject section */
		47C4AEE928ECB9C4002BB66F /* Project object */ = {
			isa = PBXProject;
			attributes = {
				BuildIndependentTargetsInParallel = 1;
				LastSwiftUpdateCheck = 1340;
				LastUpgradeCheck = 1340;
				TargetAttributes = {
					47C4AEF028ECB9C4002BB66F = {
						CreatedOnToolsVersion = 13.4.1;
					};
				};
			};
			buildConfigurationList = 47C4AEEC28ECB9C4002BB66F /* Build configuration list for PBXProject "fatorialFibonacci" */;
			compatibilityVersion = "Xcode 13.0";
			developmentRegion = en;
			hasScannedForEncodings = 0;
			knownRegions = (
				en,
				Base,
			);
			mainGroup = 47C4AEE828ECB9C4002BB66F;
			productRefGroup = 47C4AEF228ECB9C4002BB66F /* Products */;
			projectDirPath = "";
			projectRoot = "";
			targets = (
				47C4AEF028ECB9C4002BB66F /* fatorialFibonacci */,
			);
		};
/* End PBXProject section */

/* Begin PBXResourcesBuildPhase section */
		47C4AEEF28ECB9C4002BB66F /* Resources */ = {
			isa = PBXResourcesBuildPhase;
			buildActionMask = 2147483647;
			files = (
				47C4AF0128ECB9C5002BB66F /* LaunchScreen.storyboard in Resources */,
				47C4AEFE28ECB9C5002BB66F /* Assets.xcassets in Resources */,
				47C4AEFC28ECB9C4002BB66F /* Main.storyboard in Resources */,
			);
			runOnlyForDeploymentPostprocessing = 0;
		};
/* End PBXResourcesBuildPhase section */

/* Begin PBXSourcesBuildPhase section */
		47C4AEED28ECB9C4002BB66F /* Sources */ = {
			isa = PBXSourcesBuildPhase;
			buildActionMask = 2147483647;
			files = (
				47C4AEF528ECB9C4002BB66F /* AppDelegate.swift in Sources */,
				47C4AEF728ECB9C4002BB66F /* SceneDelegate.swift in Sources */,
				47C4AF0A28ECBD02002BB66F /* fibonacci.swift in Sources */,
				47C4AF0C28ECBD17002BB66F /* fatorial.swift in Sources */,
			);
			runOnlyForDeploymentPostprocessing = 0;
		};
/* End PBXSourcesBuildPhase section */

/* Begin PBXVariantGroup section */
		47C4AEFA28ECB9C4002BB66F /* Main.storyboard */ = {
			isa = PBXVariantGroup;
			children = (
				47C4AEFB28ECB9C4002BB66F /* Base */,
			);
			name = Main.storyboard;
			sourceTree = "<group>";
		};
		47C4AEFF28ECB9C5002BB66F /* LaunchScreen.storyboard */ = {
			isa = PBXVariantGroup;
			children = (
				47C4AF0028ECB9C5002BB66F /* Base */,
			);
			name = LaunchScreen.storyboard;
			sourceTree = "<group>";
		};
/* End PBXVariantGroup section */

/* Begin XCBuildConfiguration section */
		47C4AF0328ECB9C5002BB66F /* Debug */ = {
			isa = XCBuildConfiguration;
			buildSettings = {
				ALWAYS_SEARCH_USER_PATHS = NO;
				CLANG_ANALYZER_NONNULL = YES;
				CLANG_ANALYZER_NUMBER_OBJECT_CONVERSION = YES_AGGRESSIVE;
				CLANG_CXX_LANGUAGE_STANDARD = "gnu++17";
				CLANG_ENABLE_MODULES = YES;
				CLANG_ENABLE_OBJC_ARC = YES;
				CLANG_ENABLE_OBJC_WEAK = YES;
				CLANG_WARN_BLOCK_CAPTURE_AUTORELEASING = YES;
				CLANG_WARN_BOOL_CONVERSION = YES;
				CLANG_WARN_COMMA = YES;
				CLANG_WARN_CONSTANT_CONVERSION = YES;
				CLANG_WARN_DEPRECATED_OBJC_IMPLEMENTATIONS = YES;
				CLANG_WARN_DIRECT_OBJC_ISA_USAGE = YES_ERROR;
				CLANG_WARN_DOCUMENTATION_COMMENTS = YES;
				CLANG_WARN_EMPTY_BODY = YES;
				CLANG_WARN_ENUM_CONVERSION = YES;
				CLANG_WARN_INFINITE_RECURSION = YES;
				CLANG_WARN_INT_CONVERSION = YES;
				CLANG_WARN_NON_LITERAL_NULL_CONVERSION = YES;
				CLANG_WARN_OBJC_IMPLICIT_RETAIN_SELF = YES;
				CLANG_WARN_OBJC_LITERAL_CONVERSION = YES;
				CLANG_WARN_OBJC_ROOT_CLASS = YES_ERROR;
				CLANG_WARN_QUOTED_INCLUDE_IN_FRAMEWORK_HEADER = YES;
				CLANG_WARN_RANGE_LOOP_ANALYSIS = YES;
				CLANG_WARN_STRICT_PROTOTYPES = YES;
				CLANG_WARN_SUSPICIOUS_MOVE = YES;
				CLANG_WARN_UNGUARDED_AVAILABILITY = YES_AGGRESSIVE;
				CLANG_WARN_UNREACHABLE_CODE = YES;
				CLANG_WARN__DUPLICATE_METHOD_MATCH = YES;
				COPY_PHASE_STRIP = NO;
				DEBUG_INFORMATION_FORMAT = dwarf;
				ENABLE_STRICT_OBJC_MSGSEND = YES;
				ENABLE_TESTABILITY = YES;
				GCC_C_LANGUAGE_STANDARD = gnu11;
				GCC_DYNAMIC_NO_PIC = NO;
				GCC_NO_COMMON_BLOCKS = YES;
				GCC_OPTIMIZATION_LEVEL = 0;
				GCC_PREPROCESSOR_DEFINITIONS = (
					"DEBUG=1",
					"$(inherited)",
				);
				GCC_WARN_64_TO_32_BIT_CONVERSION = YES;
				GCC_WARN_ABOUT_RETURN_TYPE = YES_ERROR;
				GCC_WARN_UNDECLARED_SELECTOR = YES;
				GCC_WARN_UNINITIALIZED_AUTOS = YES_AGGRESSIVE;
				GCC_WARN_UNUSED_FUNCTION = YES;
				GCC_WARN_UNUSED_VARIABLE = YES;
				IPHONEOS_DEPLOYMENT_TARGET = 15.5;
				MTL_ENABLE_DEBUG_INFO = INCLUDE_SOURCE;
				MTL_FAST_MATH = YES;
				ONLY_ACTIVE_ARCH = YES;
				SDKROOT = iphoneos;
				SWIFT_ACTIVE_COMPILATION_CONDITIONS = DEBUG;
				SWIFT_OPTIMIZATION_LEVEL = "-Onone";
			};
			name = Debug;
		};
		47C4AF0428ECB9C5002BB66F /* Release */ = {
			isa = XCBuildConfiguration;
			buildSettings = {
				ALWAYS_SEARCH_USER_PATHS = NO;
				CLANG_ANALYZER_NONNULL = YES;
				CLANG_ANALYZER_NUMBER_OBJECT_CONVERSION = YES_AGGRESSIVE;
				CLANG_CXX_LANGUAGE_STANDARD = "gnu++17";
				CLANG_ENABLE_MODULES = YES;
				CLANG_ENABLE_OBJC_ARC = YES;
				CLANG_ENABLE_OBJC_WEAK = YES;
				CLANG_WARN_BLOCK_CAPTURE_AUTORELEASING = YES;
				CLANG_WARN_BOOL_CONVERSION = YES;
				CLANG_WARN_COMMA = YES;
				CLANG_WARN_CONSTANT_CONVERSION = YES;
				CLANG_WARN_DEPRECATED_OBJC_IMPLEMENTATIONS = YES;
				CLANG_WARN_DIRECT_OBJC_ISA_USAGE = YES_ERROR;
				CLANG_WARN_DOCUMENTATION_COMMENTS = YES;
				CLANG_WARN_EMPTY_BODY = YES;
				CLANG_WARN_ENUM_CONVERSION = YES;
				CLANG_WARN_INFINITE_RECURSION = YES;
				CLANG_WARN_INT_CONVERSION = YES;
				CLANG_WARN_NON_LITERAL_NULL_CONVERSION = YES;
				CLANG_WARN_OBJC_IMPLICIT_RETAIN_SELF = YES;
				CLANG_WARN_OBJC_LITERAL_CONVERSION = YES;
				CLANG_WARN_OBJC_ROOT_CLASS = YES_ERROR;
				CLANG_WARN_QUOTED_INCLUDE_IN_FRAMEWORK_HEADER = YES;
				CLANG_WARN_RANGE_LOOP_ANALYSIS = YES;
				CLANG_WARN_STRICT_PROTOTYPES = YES;
				CLANG_WARN_SUSPICIOUS_MOVE = YES;
				CLANG_WARN_UNGUARDED_AVAILABILITY = YES_AGGRESSIVE;
				CLANG_WARN_UNREACHABLE_CODE = YES;
				CLANG_WARN__DUPLICATE_METHOD_MATCH = YES;
				COPY_PHASE_STRIP = NO;
				DEBUG_INFORMATION_FORMAT = "dwarf-with-dsym";
				ENABLE_NS_ASSERTIONS = NO;
				ENABLE_STRICT_OBJC_MSGSEND = YES;
				GCC_C_LANGUAGE_STANDARD = gnu11;
				GCC_NO_COMMON_BLOCKS = YES;
				GCC_WARN_64_TO_32_BIT_CONVERSION = YES;
				GCC_WARN_ABOUT_RETURN_TYPE = YES_ERROR;
				GCC_WARN_UNDECLARED_SELECTOR = YES;
				GCC_WARN_UNINITIALIZED_AUTOS = YES_AGGRESSIVE;
				GCC_WARN_UNUSED_FUNCTION = YES;
				GCC_WARN_UNUSED_VARIABLE = YES;
				IPHONEOS_DEPLOYMENT_TARGET = 15.5;
				MTL_ENABLE_DEBUG_INFO = NO;
				MTL_FAST_MATH = YES;
				SDKROOT = iphoneos;
				SWIFT_COMPILATION_MODE = wholemodule;
				SWIFT_OPTIMIZATION_LEVEL = "-O";
				VALIDATE_PRODUCT = YES;
			};
			name = Release;
		};
		47C4AF0628ECB9C5002BB66F /* Debug */ = {
			isa = XCBuildConfiguration;
			buildSettings = {
				ASSETCATALOG_COMPILER_APPICON_NAME = AppIcon;
				ASSETCATALOG_COMPILER_GLOBAL_ACCENT_COLOR_NAME = AccentColor;
				CODE_SIGN_STYLE = Automatic;
				CURRENT_PROJECT_VERSION = 1;
				GENERATE_INFOPLIST_FILE = YES;
				INFOPLIST_FILE = fatorialFibonacci/Info.plist;
				INFOPLIST_KEY_UIApplicationSupportsIndirectInputEvents = YES;
				INFOPLIST_KEY_UILaunchStoryboardName = LaunchScreen;
				INFOPLIST_KEY_UIMainStoryboardFile = Main;
				INFOPLIST_KEY_UISupportedInterfaceOrientations_iPad = "UIInterfaceOrientationPortrait UIInterfaceOrientationPortraitUpsideDown UIInterfaceOrientationLandscapeLeft UIInterfaceOrientationLandscapeRight";
				INFOPLIST_KEY_UISupportedInterfaceOrientations_iPhone = "UIInterfaceOrientationPortrait UIInterfaceOrientationLandscapeLeft UIInterfaceOrientationLandscapeRight";
				LD_RUNPATH_SEARCH_PATHS = (
					"$(inherited)",
					"@executable_path/Frameworks",
				);
				MARKETING_VERSION = 1.0;
				PRODUCT_BUNDLE_IDENTIFIER = com.Isa.fatorialFibonacci;
				PRODUCT_NAME = "$(TARGET_NAME)";
				SWIFT_EMIT_LOC_STRINGS = YES;
				SWIFT_VERSION = 5.0;
				TARGETED_DEVICE_FAMILY = "1,2";
			};
			name = Debug;
		};
		47C4AF0728ECB9C5002BB66F /* Release */ = {
			isa = XCBuildConfiguration;
			buildSettings = {
				ASSETCATALOG_COMPILER_APPICON_NAME = AppIcon;
				ASSETCATALOG_COMPILER_GLOBAL_ACCENT_COLOR_NAME = AccentColor;
				CODE_SIGN_STYLE = Automatic;
				CURRENT_PROJECT_VERSION = 1;
				GENERATE_INFOPLIST_FILE = YES;
				INFOPLIST_FILE = fatorialFibonacci/Info.plist;
				INFOPLIST_KEY_UIApplicationSupportsIndirectInputEvents = YES;
				INFOPLIST_KEY_UILaunchStoryboardName = LaunchScreen;
				INFOPLIST_KEY_UIMainStoryboardFile = Main;
				INFOPLIST_KEY_UISupportedInterfaceOrientations_iPad = "UIInterfaceOrientationPortrait UIInterfaceOrientationPortraitUpsideDown UIInterfaceOrientationLandscapeLeft UIInterfaceOrientationLandscapeRight";
				INFOPLIST_KEY_UISupportedInterfaceOrientations_iPhone = "UIInterfaceOrientationPortrait UIInterfaceOrientationLandscapeLeft UIInterfaceOrientationLandscapeRight";
				LD_RUNPATH_SEARCH_PATHS = (
					"$(inherited)",
					"@executable_path/Frameworks",
				);
				MARKETING_VERSION = 1.0;
				PRODUCT_BUNDLE_IDENTIFIER = com.Isa.fatorialFibonacci;
				PRODUCT_NAME = "$(TARGET_NAME)";
				SWIFT_EMIT_LOC_STRINGS = YES;
				SWIFT_VERSION = 5.0;
				TARGETED_DEVICE_FAMILY = "1,2";
			};
			name = Release;
		};
/* End XCBuildConfiguration section */

/* Begin XCConfigurationList section */
		47C4AEEC28ECB9C4002BB66F /* Build configuration list for PBXProject "fatorialFibonacci" */ = {
			isa = XCConfigurationList;
			buildConfigurations = (
				47C4AF0328ECB9C5002BB66F /* Debug */,
				47C4AF0428ECB9C5002BB66F /* Release */,
			);
			defaultConfigurationIsVisible = 0;
			defaultConfigurationName = Release;
		};
		47C4AF0528ECB9C5002BB66F /* Build configuration list for PBXNativeTarget "fatorialFibonacci" */ = {
			isa = XCConfigurationList;
			buildConfigurations = (
				47C4AF0628ECB9C5002BB66F /* Debug */,
				47C4AF0728ECB9C5002BB66F /* Release */,
			);
			defaultConfigurationIsVisible = 0;
			defaultConfigurationName = Release;
		};
/* End XCConfigurationList section */
	};
	rootObject = 47C4AEE928ECB9C4002BB66F /* Project object */;
}
